<?xml version="1.0" encoding="utf-8"?>
<Project ToolsVersion="4.0" xmlns="http://schemas.microsoft.com/developer/msbuild/2003">
  <ItemGroup>
    <ClInclude Include="Table.h" />
    <ClInclude Include="libgraphics\exception.h">
      <Filter>libgraphics</Filter>
    </ClInclude>
    <ClInclude Include="libgraphics\extgraph.h">
      <Filter>libgraphics</Filter>
    </ClInclude>
    <ClInclude Include="libgraphics\gcalloc.h">
      <Filter>libgraphics</Filter>
    </ClInclude>
    <ClInclude Include="libgraphics\genlib.h">
      <Filter>libgraphics</Filter>
    </ClInclude>
    <ClInclude Include="libgraphics\graphics.h">
      <Filter>libgraphics</Filter>
    </ClInclude>
    <ClInclude Include="libgraphics\random.h">
      <Filter>libgraphics</Filter>
    </ClInclude>
    <ClInclude Include="libgraphics\simpio.h">
      <Filter>libgraphics</Filter>
    </ClInclude>
    <ClInclude Include="libgraphics\strlib.h">
      <Filter>libgraphics</Filter>
    </ClInclude>
    <ClInclude Include="simpleGUI\imgui.h">
      <Filter>simpleGUI</Filter>
    </ClInclude>
    <ClInclude Include="FileControl.h" />
    <ClInclude Include="Draw.h" />
  </ItemGroup>
  <ItemGroup>
    <ClCompile Include="Table.c" />
    <ClCompile Include="libgraphics\exceptio.c">
      <Filter>libgraphics</Filter>
    </ClCompile>
    <ClCompile Include="libgraphics\genlib.c">
      <Filter>libgraphics</Filter>
    </ClCompile>
    <ClCompile Include="libgraphics\graphics.c">
      <Filter>libgraphics</Filter>
    </ClCompile>
    <ClCompile Include="libgraphics\random.c">
      <Filter>libgraphics</Filter>
    </ClCompile>
    <ClCompile Include="libgraphics\simpio.c">
      <Filter>libgraphics</Filter>
    </ClCompile>
    <ClCompile Include="libgraphics\strlib.c">
      <Filter>libgraphics</Filter>
    </ClCompile>
    <ClCompile Include="simpleGUI\imgui.c">
      <Filter>simpleGUI</Filter>
    </ClCompile>
    <ClCompile Include="Main.c" />
    <ClCompile Include="FileControl.c" />
    <ClCompile Include="Draw.c" />
    <ClCompile Include="creatgui.c" />
  </ItemGroup>
  <ItemGroup>
    <Text Include="NewFile.txt" />
  </ItemGroup>
  <ItemGroup>
    <Filter Include="simpleGUI">
      <UniqueIdentifier>{6dc439d6-62e8-4608-ad9a-b30aaa8b1001}</UniqueIdentifier>
    </Filter>
    <Filter Include="libgraphics">
      <UniqueIdentifier>{cea3fbfa-809a-4e0a-9b22-927fc25f4822}</UniqueIdentifier>
    </Filter>
  </ItemGroup>
</Project>